
Microsoft Visual Studio Solution File, Format Version 12.00
# Visual Studio 15
VisualStudioVersion = 15.0.27130.2027
MinimumVisualStudioVersion = 10.0.40219.1
Project("{FAE04EC0-301F-11D3-BF4B-00C04F79EFBC}") = "Optano.Algorithm.Tuner.AcLib", "Optano.Algorithm.Tuner.AcLib\Optano.Algorithm.Tuner.AcLib.csproj", "{33DD6DDA-F150-456D-8A80-C7B392C79745}"
EndProject
Project("{FAE04EC0-301F-11D3-BF4B-00C04F79EFBC}") = "Optano.Algorithm.Tuner.AcLib.Tests", "Optano.Algorithm.Tuner.AcLib.Tests\Optano.Algorithm.Tuner.AcLib.Tests.csproj", "{891E43E1-4E59-4E7B-91BB-EB182423FF02}"
EndProject
Global
	GlobalSection(SolutionConfigurationPlatforms) = preSolution
		Debug|Any CPU = Debug|Any CPU
		Release|Any CPU = Release|Any CPU
	EndGlobalSection
	GlobalSection(ProjectConfigurationPlatforms) = postSolution
		{33DD6DDA-F150-456D-8A80-C7B392C79745}.Debug|Any CPU.ActiveCfg = Debug|Any CPU
		{33DD6DDA-F150-456D-8A80-C7B392C79745}.Debug|Any CPU.Build.0 = Debug|Any CPU
		{33DD6DDA-F150-456D-8A80-C7B392C79745}.Release|Any CPU.ActiveCfg = Release|Any CPU
		{33DD6DDA-F150-456D-8A80-C7B392C79745}.Release|Any CPU.Build.0 = Release|Any CPU
		{891E43E1-4E59-4E7B-91BB-EB182423FF02}.Debug|Any CPU.ActiveCfg = Debug|Any CPU
		{891E43E1-4E59-4E7B-91BB-EB182423FF02}.Debug|Any CPU.Build.0 = Debug|Any CPU
		{891E43E1-4E59-4E7B-91BB-EB182423FF02}.Release|Any CPU.ActiveCfg = Release|Any CPU
		{891E43E1-4E59-4E7B-91BB-EB182423FF02}.Release|Any CPU.Build.0 = Release|Any CPU
	EndGlobalSection
	GlobalSection(SolutionProperties) = preSolution
		HideSolutionNode = FALSE
	EndGlobalSection
	GlobalSection(ExtensibilityGlobals) = postSolution
		SolutionGuid = {D5E587C7-EFDC-498C-B407-FCAD6F9824E6}
	EndGlobalSection
EndGlobal
