
Microsoft Visual Studio Solution File, Format Version 12.00
# Visual Studio Version 16
VisualStudioVersion = 16.0.29609.76
MinimumVisualStudioVersion = 10.0.40219.1
Project("{9A19103F-16F7-4668-BE54-9A1E7A4F7556}") = "Optano.Algorithm.Tuner.Lingeling", "Optano.Algorithm.Tuner.Lingeling\Optano.Algorithm.Tuner.Lingeling.csproj", "{A1DF6BD3-7BC5-4337-AEC0-799728AA9BD7}"
EndProject
Project("{9A19103F-16F7-4668-BE54-9A1E7A4F7556}") = "Optano.Algorithm.Tuner.Lingeling.Tests", "Optano.Algorithm.Tuner.Lingeling.Tests\Optano.Algorithm.Tuner.Lingeling.Tests.csproj", "{5BAC5FF9-1563-49DB-9AC0-6C573FCC2454}"
EndProject
Global
	GlobalSection(SolutionConfigurationPlatforms) = preSolution
		Debug|Any CPU = Debug|Any CPU
		Release|Any CPU = Release|Any CPU
	EndGlobalSection
	GlobalSection(ProjectConfigurationPlatforms) = postSolution
		{A1DF6BD3-7BC5-4337-AEC0-799728AA9BD7}.Debug|Any CPU.ActiveCfg = Debug|Any CPU
		{A1DF6BD3-7BC5-4337-AEC0-799728AA9BD7}.Debug|Any CPU.Build.0 = Debug|Any CPU
		{A1DF6BD3-7BC5-4337-AEC0-799728AA9BD7}.Release|Any CPU.ActiveCfg = Release|Any CPU
		{A1DF6BD3-7BC5-4337-AEC0-799728AA9BD7}.Release|Any CPU.Build.0 = Release|Any CPU
		{5BAC5FF9-1563-49DB-9AC0-6C573FCC2454}.Debug|Any CPU.ActiveCfg = Debug|Any CPU
		{5BAC5FF9-1563-49DB-9AC0-6C573FCC2454}.Debug|Any CPU.Build.0 = Debug|Any CPU
		{5BAC5FF9-1563-49DB-9AC0-6C573FCC2454}.Release|Any CPU.ActiveCfg = Release|Any CPU
		{5BAC5FF9-1563-49DB-9AC0-6C573FCC2454}.Release|Any CPU.Build.0 = Release|Any CPU
	EndGlobalSection
	GlobalSection(SolutionProperties) = preSolution
		HideSolutionNode = FALSE
	EndGlobalSection
	GlobalSection(ExtensibilityGlobals) = postSolution
		SolutionGuid = {58BE9C9B-9098-4CA9-B054-85774C5A14ED}
	EndGlobalSection
EndGlobal
